
Microsoft Visual Studio Solution File, Format Version 12.00
# Visual Studio Version 17
VisualStudioVersion = 17.4.33205.214
MinimumVisualStudioVersion = 10.0.40219.1
Project("{888888A0-9F3D-457C-B088-3A5042F75D52}") = "ivanovaodonokovkr", "ivanovaodonokovkr.pyproj", "{0B869E1D-1934-4366-9B1A-C10010C1A77B}"
EndProject
Global
	GlobalSection(SolutionConfigurationPlatforms) = preSolution
		Debug|Any CPU = Debug|Any CPU
		Release|Any CPU = Release|Any CPU
	EndGlobalSection
	GlobalSection(ProjectConfigurationPlatforms) = postSolution
		{0B869E1D-1934-4366-9B1A-C10010C1A77B}.Debug|Any CPU.ActiveCfg = Debug|Any CPU
		{0B869E1D-1934-4366-9B1A-C10010C1A77B}.Release|Any CPU.ActiveCfg = Release|Any CPU
	EndGlobalSection
	GlobalSection(SolutionProperties) = preSolution
		HideSolutionNode = FALSE
	EndGlobalSection
	GlobalSection(ExtensibilityGlobals) = postSolution
		SolutionGuid = {7400BE7F-05BE-40BC-BE68-852C1633B58A}
	EndGlobalSection
EndGlobal
